// !$*UTF8*$!
{
	archiveVersion = 1;
	classes = {
	};
	objectVersion = 46;
	objects = {

/* Begin PBXBuildFile section */
		1B61CD191D75847E00219B8C /* BrokenLineView.m in Sources */ = {isa = PBXBuildFile; fileRef = 1B61CD121D75847E00219B8C /* BrokenLineView.m */; };
		1B61CD1A1D75847E00219B8C /* ChartBackView.m in Sources */ = {isa = PBXBuildFile; fileRef = 1B61CD141D75847E00219B8C /* ChartBackView.m */; };
		1B61CD1B1D75847E00219B8C /* ChartLayout.m in Sources */ = {isa = PBXBuildFile; fileRef = 1B61CD161D75847E00219B8C /* ChartLayout.m */; };
		1B61CD1C1D75847E00219B8C /* ChartView_Cell.m in Sources */ = {isa = PBXBuildFile; fileRef = 1B61CD181D75847E00219B8C /* ChartView_Cell.m */; };
		1B61CD1F1D7586CB00219B8C /* DataModel.m in Sources */ = {isa = PBXBuildFile; fileRef = 1B61CD1E1D7586CB00219B8C /* DataModel.m */; };
		1B66AF1F1D757CB1005B1D4A /* main.m in Sources */ = {isa = PBXBuildFile; fileRef = 1B66AF1E1D757CB1005B1D4A /* main.m */; };
		1B66AF221D757CB1005B1D4A /* AppDelegate.m in Sources */ = {isa = PBXBuildFile; fileRef = 1B66AF211D757CB1005B1D4A /* AppDelegate.m */; };
		1B66AF251D757CB1005B1D4A /* ViewController.m in Sources */ = {isa = PBXBuildFile; fileRef = 1B66AF241D757CB1005B1D4A /* ViewController.m */; };
		1B66AF281D757CB1005B1D4A /* Main.storyboard in Resources */ = {isa = PBXBuildFile; fileRef = 1B66AF261D757CB1005B1D4A /* Main.storyboard */; };
		1B66AF2A1D757CB1005B1D4A /* Assets.xcassets in Resources */ = {isa = PBXBuildFile; fileRef = 1B66AF291D757CB1005B1D4A /* Assets.xcassets */; };
		1B66AF2D1D757CB1005B1D4A /* LaunchScreen.storyboard in Resources */ = {isa = PBXBuildFile; fileRef = 1B66AF2B1D757CB1005B1D4A /* LaunchScreen.storyboard */; };
		1B66AF381D757CB2005B1D4A /* BrokenLineViewDemoTests.m in Sources */ = {isa = PBXBuildFile; fileRef = 1B66AF371D757CB2005B1D4A /* BrokenLineViewDemoTests.m */; };
		1B66AF431D757CB2005B1D4A /* BrokenLineViewDemoUITests.m in Sources */ = {isa = PBXBuildFile; fileRef = 1B66AF421D757CB2005B1D4A /* BrokenLineViewDemoUITests.m */; };
/* End PBXBuildFile section */

/* Begin PBXContainerItemProxy section */
		1B66AF341D757CB2005B1D4A /* PBXContainerItemProxy */ = {
			isa = PBXContainerItemProxy;
			containerPortal = 1B66AF121D757CB1005B1D4A /* Project object */;
			proxyType = 1;
			remoteGlobalIDString = 1B66AF191D757CB1005B1D4A;
			remoteInfo = BrokenLineViewDemo;
		};
		1B66AF3F1D757CB2005B1D4A /* PBXContainerItemProxy */ = {
			isa = PBXContainerItemProxy;
			containerPortal = 1B66AF121D757CB1005B1D4A /* Project object */;
			proxyType = 1;
			remoteGlobalIDString = 1B66AF191D757CB1005B1D4A;
			remoteInfo = BrokenLineViewDemo;
		};
/* End PBXContainerItemProxy section */

/* Begin PBXFileReference section */
		1B61CD111D75847E00219B8C /* BrokenLineView.h */ = {isa = PBXFileReference; fileEncoding = 4; lastKnownFileType = sourcecode.c.h; path = BrokenLineView.h; sourceTree = "<group>"; };
		1B61CD121D75847E00219B8C /* BrokenLineView.m */ = {isa = PBXFileReference; fileEncoding = 4; lastKnownFileType = sourcecode.c.objc; path = BrokenLineView.m; sourceTree = "<group>"; };
		1B61CD131D75847E00219B8C /* ChartBackView.h */ = {isa = PBXFileReference; fileEncoding = 4; lastKnownFileType = sourcecode.c.h; path = ChartBackView.h; sourceTree = "<group>"; };
		1B61CD141D75847E00219B8C /* ChartBackView.m */ = {isa = PBXFileReference; fileEncoding = 4; lastKnownFileType = sourcecode.c.objc; path = ChartBackView.m; sourceTree = "<group>"; };
		1B61CD151D75847E00219B8C /* ChartLayout.h */ = {isa = PBXFileReference; fileEncoding = 4; lastKnownFileType = sourcecode.c.h; path = ChartLayout.h; sourceTree = "<group>"; };
		1B61CD161D75847E00219B8C /* ChartLayout.m */ = {isa = PBXFileReference; fileEncoding = 4; lastKnownFileType = sourcecode.c.objc; path = ChartLayout.m; sourceTree = "<group>"; };
		1B61CD171D75847E00219B8C /* ChartView_Cell.h */ = {isa = PBXFileReference; fileEncoding = 4; lastKnownFileType = sourcecode.c.h; path = ChartView_Cell.h; sourceTree = "<group>"; };
		1B61CD181D75847E00219B8C /* ChartView_Cell.m */ = {isa = PBXFileReference; fileEncoding = 4; lastKnownFileType = sourcecode.c.objc; path = ChartView_Cell.m; sourceTree = "<group>"; };
		1B61CD1D1D7586CB00219B8C /* DataModel.h */ = {isa = PBXFileReference; fileEncoding = 4; lastKnownFileType = sourcecode.c.h; path = DataModel.h; sourceTree = "<group>"; };
		1B61CD1E1D7586CB00219B8C /* DataModel.m */ = {isa = PBXFileReference; fileEncoding = 4; lastKnownFileType = sourcecode.c.objc; path = DataModel.m; sourceTree = "<group>"; };
		1B66AF1A1D757CB1005B1D4A /* BrokenLineViewDemo.app */ = {isa = PBXFileReference; explicitFileType = wrapper.application; includeInIndex = 0; path = BrokenLineViewDemo.app; sourceTree = BUILT_PRODUCTS_DIR; };
		1B66AF1E1D757CB1005B1D4A /* main.m */ = {isa = PBXFileReference; lastKnownFileType = sourcecode.c.objc; path = main.m; sourceTree = "<group>"; };
		1B66AF201D757CB1005B1D4A /* AppDelegate.h */ = {isa = PBXFileReference; lastKnownFileType = sourcecode.c.h; path = AppDelegate.h; sourceTree = "<group>"; };
		1B66AF211D757CB1005B1D4A /* AppDelegate.m */ = {isa = PBXFileReference; lastKnownFileType = sourcecode.c.objc; path = AppDelegate.m; sourceTree = "<group>"; };
		1B66AF231D757CB1005B1D4A /* ViewController.h */ = {isa = PBXFileReference; lastKnownFileType = sourcecode.c.h; path = ViewController.h; sourceTree = "<group>"; };
		1B66AF241D757CB1005B1D4A /* ViewController.m */ = {isa = PBXFileReference; lastKnownFileType = sourcecode.c.objc; path = ViewController.m; sourceTree = "<group>"; };
		1B66AF271D757CB1005B1D4A /* Base */ = {isa = PBXFileReference; lastKnownFileType = file.storyboard; name = Base; path = Base.lproj/Main.storyboard; sourceTree = "<group>"; };
		1B66AF291D757CB1005B1D4A /* Assets.xcassets */ = {isa = PBXFileReference; lastKnownFileType = folder.assetcatalog; path = Assets.xcassets; sourceTree = "<group>"; };
		1B66AF2C1D757CB1005B1D4A /* Base */ = {isa = PBXFileReference; lastKnownFileType = file.storyboard; name = Base; path = Base.lproj/LaunchScreen.storyboard; sourceTree = "<group>"; };
		1B66AF2E1D757CB1005B1D4A /* Info.plist */ = {isa = PBXFileReference; lastKnownFileType = text.plist.xml; path = Info.plist; sourceTree = "<group>"; };
		1B66AF331D757CB2005B1D4A /* BrokenLineViewDemoTests.xctest */ = {isa = PBXFileReference; explicitFileType = wrapper.cfbundle; includeInIndex = 0; path = BrokenLineViewDemoTests.xctest; sourceTree = BUILT_PRODUCTS_DIR; };
		1B66AF371D757CB2005B1D4A /* BrokenLineViewDemoTests.m */ = {isa = PBXFileReference; lastKnownFileType = sourcecode.c.objc; path = BrokenLineViewDemoTests.m; sourceTree = "<group>"; };
		1B66AF391D757CB2005B1D4A /* Info.plist */ = {isa = PBXFileReference; lastKnownFileType = text.plist.xml; path = Info.plist; sourceTree = "<group>"; };
		1B66AF3E1D757CB2005B1D4A /* BrokenLineViewDemoUITests.xctest */ = {isa = PBXFileReference; explicitFileType = wrapper.cfbundle; includeInIndex = 0; path = BrokenLineViewDemoUITests.xctest; sourceTree = BUILT_PRODUCTS_DIR; };
		1B66AF421D757CB2005B1D4A /* BrokenLineViewDemoUITests.m */ = {isa = PBXFileReference; lastKnownFileType = sourcecode.c.objc; path = BrokenLineViewDemoUITests.m; sourceTree = "<group>"; };
		1B66AF441D757CB2005B1D4A /* Info.plist */ = {isa = PBXFileReference; lastKnownFileType = text.plist.xml; path = Info.plist; sourceTree = "<group>"; };
		1B66AF611D7580BF005B1D4A /* Define.h */ = {isa = PBXFileReference; lastKnownFileType = sourcecode.c.h; path = Define.h; sourceTree = "<group>"; };
		1B66AF621D7580D3005B1D4A /* BrokenLineHeader.pch */ = {isa = PBXFileReference; lastKnownFileType = sourcecode.c.h; path = BrokenLineHeader.pch; sourceTree = "<group>"; };
/* End PBXFileReference section */

/* Begin PBXFrameworksBuildPhase section */
		1B66AF171D757CB1005B1D4A /* Frameworks */ = {
			isa = PBXFrameworksBuildPhase;
			buildActionMask = 2147483647;
			files = (
			);
			runOnlyForDeploymentPostprocessing = 0;
		};
		1B66AF301D757CB2005B1D4A /* Frameworks */ = {
			isa = PBXFrameworksBuildPhase;
			buildActionMask = 2147483647;
			files = (
			);
			runOnlyForDeploymentPostprocessing = 0;
		};
		1B66AF3B1D757CB2005B1D4A /* Frameworks */ = {
			isa = PBXFrameworksBuildPhase;
			buildActionMask = 2147483647;
			files = (
			);
			runOnlyForDeploymentPostprocessing = 0;
		};
/* End PBXFrameworksBuildPhase section */

/* Begin PBXGroup section */
		1B66AF111D757CB1005B1D4A = {
			isa = PBXGroup;
			children = (
				1B66AF1C1D757CB1005B1D4A /* BrokenLineViewDemo */,
				1B66AF361D757CB2005B1D4A /* BrokenLineViewDemoTests */,
				1B66AF411D757CB2005B1D4A /* BrokenLineViewDemoUITests */,
				1B66AF1B1D757CB1005B1D4A /* Products */,
			);
			sourceTree = "<group>";
		};
		1B66AF1B1D757CB1005B1D4A /* Products */ = {
			isa = PBXGroup;
			children = (
				1B66AF1A1D757CB1005B1D4A /* BrokenLineViewDemo.app */,
				1B66AF331D757CB2005B1D4A /* BrokenLineViewDemoTests.xctest */,
				1B66AF3E1D757CB2005B1D4A /* BrokenLineViewDemoUITests.xctest */,
			);
			name = Products;
			sourceTree = "<group>";
		};
		1B66AF1C1D757CB1005B1D4A /* BrokenLineViewDemo */ = {
			isa = PBXGroup;
			children = (
				1B66AF501D757D8A005B1D4A /* BrokenLineClass */,
				1B66AF201D757CB1005B1D4A /* AppDelegate.h */,
				1B66AF211D757CB1005B1D4A /* AppDelegate.m */,
				1B66AF231D757CB1005B1D4A /* ViewController.h */,
				1B66AF241D757CB1005B1D4A /* ViewController.m */,
				1B66AF261D757CB1005B1D4A /* Main.storyboard */,
				1B66AF291D757CB1005B1D4A /* Assets.xcassets */,
				1B66AF2B1D757CB1005B1D4A /* LaunchScreen.storyboard */,
				1B66AF2E1D757CB1005B1D4A /* Info.plist */,
				1B66AF1D1D757CB1005B1D4A /* Supporting Files */,
				1B66AF611D7580BF005B1D4A /* Define.h */,
				1B66AF621D7580D3005B1D4A /* BrokenLineHeader.pch */,
			);
			path = BrokenLineViewDemo;
			sourceTree = "<group>";
		};
		1B66AF1D1D757CB1005B1D4A /* Supporting Files */ = {
			isa = PBXGroup;
			children = (
				1B66AF1E1D757CB1005B1D4A /* main.m */,
			);
			name = "Supporting Files";
			sourceTree = "<group>";
		};
		1B66AF361D757CB2005B1D4A /* BrokenLineViewDemoTests */ = {
			isa = PBXGroup;
			children = (
				1B66AF371D757CB2005B1D4A /* BrokenLineViewDemoTests.m */,
				1B66AF391D757CB2005B1D4A /* Info.plist */,
			);
			path = BrokenLineViewDemoTests;
			sourceTree = "<group>";
		};
		1B66AF411D757CB2005B1D4A /* BrokenLineViewDemoUITests */ = {
			isa = PBXGroup;
			children = (
				1B66AF421D757CB2005B1D4A /* BrokenLineViewDemoUITests.m */,
				1B66AF441D757CB2005B1D4A /* Info.plist */,
			);
			path = BrokenLineViewDemoUITests;
			sourceTree = "<group>";
		};
		1B66AF501D757D8A005B1D4A /* BrokenLineClass */ = {
			isa = PBXGroup;
			children = (
				1B66AF511D757D8A005B1D4A /* Model */,
				1B66AF521D757D8A005B1D4A /* View */,
			);
			path = BrokenLineClass;
			sourceTree = "<group>";
		};
		1B66AF511D757D8A005B1D4A /* Model */ = {
			isa = PBXGroup;
			children = (
				1B61CD1D1D7586CB00219B8C /* DataModel.h */,
				1B61CD1E1D7586CB00219B8C /* DataModel.m */,
			);
			path = Model;
			sourceTree = "<group>";
		};
		1B66AF521D757D8A005B1D4A /* View */ = {
			isa = PBXGroup;
			children = (
				1B61CD111D75847E00219B8C /* BrokenLineView.h */,
				1B61CD121D75847E00219B8C /* BrokenLineView.m */,
				1B61CD131D75847E00219B8C /* ChartBackView.h */,
				1B61CD141D75847E00219B8C /* ChartBackView.m */,
				1B61CD151D75847E00219B8C /* ChartLayout.h */,
				1B61CD161D75847E00219B8C /* ChartLayout.m */,
				1B61CD171D75847E00219B8C /* ChartView_Cell.h */,
				1B61CD181D75847E00219B8C /* ChartView_Cell.m */,
			);
			path = View;
			sourceTree = "<group>";
		};
/* End PBXGroup section */

/* Begin PBXNativeTarget section */
		1B66AF191D757CB1005B1D4A /* BrokenLineViewDemo */ = {
			isa = PBXNativeTarget;
			buildConfigurationList = 1B66AF471D757CB2005B1D4A /* Build configuration list for PBXNativeTarget "BrokenLineViewDemo" */;
			buildPhases = (
				1B66AF161D757CB1005B1D4A /* Sources */,
				1B66AF171D757CB1005B1D4A /* Frameworks */,
				1B66AF181D757CB1005B1D4A /* Resources */,
			);
			buildRules = (
			);
			dependencies = (
			);
			name = BrokenLineViewDemo;
			productName = BrokenLineViewDemo;
			productReference = 1B66AF1A1D757CB1005B1D4A /* BrokenLineViewDemo.app */;
			productType = "com.apple.product-type.application";
		};
		1B66AF321D757CB2005B1D4A /* BrokenLineViewDemoTests */ = {
			isa = PBXNativeTarget;
			buildConfigurationList = 1B66AF4A1D757CB2005B1D4A /* Build configuration list for PBXNativeTarget "BrokenLineViewDemoTests" */;
			buildPhases = (
				1B66AF2F1D757CB2005B1D4A /* Sources */,
				1B66AF301D757CB2005B1D4A /* Frameworks */,
				1B66AF311D757CB2005B1D4A /* Resources */,
			);
			buildRules = (
			);
			dependencies = (
				1B66AF351D757CB2005B1D4A /* PBXTargetDependency */,
			);
			name = BrokenLineViewDemoTests;
			productName = BrokenLineViewDemoTests;
			productReference = 1B66AF331D757CB2005B1D4A /* BrokenLineViewDemoTests.xctest */;
			productType = "com.apple.product-type.bundle.unit-test";
		};
		1B66AF3D1D757CB2005B1D4A /* BrokenLineViewDemoUITests */ = {
			isa = PBXNativeTarget;
			buildConfigurationList = 1B66AF4D1D757CB2005B1D4A /* Build configuration list for PBXNativeTarget "BrokenLineViewDemoUITests" */;
			buildPhases = (
				1B66AF3A1D757CB2005B1D4A /* Sources */,
				1B66AF3B1D757CB2005B1D4A /* Frameworks */,
				1B66AF3C1D757CB2005B1D4A /* Resources */,
			);
			buildRules = (
			);
			dependencies = (
				1B66AF401D757CB2005B1D4A /* PBXTargetDependency */,
			);
			name = BrokenLineViewDemoUITests;
			productName = BrokenLineViewDemoUITests;
			productReference = 1B66AF3E1D757CB2005B1D4A /* BrokenLineViewDemoUITests.xctest */;
			productType = "com.apple.product-type.bundle.ui-testing";
		};
/* End PBXNativeTarget section */

/* Begin PBXProject section */
		1B66AF121D757CB1005B1D4A /* Project object */ = {
			isa = PBXProject;
			attributes = {
				LastUpgradeCheck = 0710;
				ORGANIZATIONNAME = smartdot.mau;
				TargetAttributes = {
					1B66AF191D757CB1005B1D4A = {
						CreatedOnToolsVersion = 7.1;
					};
					1B66AF321D757CB2005B1D4A = {
						CreatedOnToolsVersion = 7.1;
						TestTargetID = 1B66AF191D757CB1005B1D4A;
					};
					1B66AF3D1D757CB2005B1D4A = {
						CreatedOnToolsVersion = 7.1;
						TestTargetID = 1B66AF191D757CB1005B1D4A;
					};
				};
			};
			buildConfigurationList = 1B66AF151D757CB1005B1D4A /* Build configuration list for PBXProject "BrokenLineViewDemo" */;
			compatibilityVersion = "Xcode 3.2";
			developmentRegion = English;
			hasScannedForEncodings = 0;
			knownRegions = (
				en,
				Base,
			);
			mainGroup = 1B66AF111D757CB1005B1D4A;
			productRefGroup = 1B66AF1B1D757CB1005B1D4A /* Products */;
			projectDirPath = "";
			projectRoot = "";
			targets = (
				1B66AF191D757CB1005B1D4A /* BrokenLineViewDemo */,
				1B66AF321D757CB2005B1D4A /* BrokenLineViewDemoTests */,
				1B66AF3D1D757CB2005B1D4A /* BrokenLineViewDemoUITests */,
			);
		};
/* End PBXProject section */

/* Begin PBXResourcesBuildPhase section */
		1B66AF181D757CB1005B1D4A /* Resources */ = {
			isa = PBXResourcesBuildPhase;
			buildActionMask = 2147483647;
			files = (
				1B66AF2D1D757CB1005B1D4A /* LaunchScreen.storyboard in Resources */,
				1B66AF2A1D757CB1005B1D4A /* Assets.xcassets in Resources */,
				1B66AF281D757CB1005B1D4A /* Main.storyboard in Resources */,
			);
			runOnlyForDeploymentPostprocessing = 0;
		};
		1B66AF311D757CB2005B1D4A /* Resources */ = {
			isa = PBXResourcesBuildPhase;
			buildActionMask = 2147483647;
			files = (
			);
			runOnlyForDeploymentPostprocessing = 0;
		};
		1B66AF3C1D757CB2005B1D4A /* Resources */ = {
			isa = PBXResourcesBuildPhase;
			buildActionMask = 2147483647;
			files = (
			);
			runOnlyForDeploymentPostprocessing = 0;
		};
/* End PBXResourcesBuildPhase section */

/* Begin PBXSourcesBuildPhase section */
		1B66AF161D757CB1005B1D4A /* Sources */ = {
			isa = PBXSourcesBuildPhase;
			buildActionMask = 2147483647;
			files = (
				1B61CD1A1D75847E00219B8C /* ChartBackView.m in Sources */,
				1B61CD1F1D7586CB00219B8C /* DataModel.m in Sources */,
				1B66AF251D757CB1005B1D4A /* ViewController.m in Sources */,
				1B61CD1B1D75847E00219B8C /* ChartLayout.m in Sources */,
				1B66AF221D757CB1005B1D4A /* AppDelegate.m in Sources */,
				1B61CD1C1D75847E00219B8C /* ChartView_Cell.m in Sources */,
				1B66AF1F1D757CB1005B1D4A /* main.m in Sources */,
				1B61CD191D75847E00219B8C /* BrokenLineView.m in Sources */,
			);
			runOnlyForDeploymentPostprocessing = 0;
		};
		1B66AF2F1D757CB2005B1D4A /* Sources */ = {
			isa = PBXSourcesBuildPhase;
			buildActionMask = 2147483647;
			files = (
				1B66AF381D757CB2005B1D4A /* BrokenLineViewDemoTests.m in Sources */,
			);
			runOnlyForDeploymentPostprocessing = 0;
		};
		1B66AF3A1D757CB2005B1D4A /* Sources */ = {
			isa = PBXSourcesBuildPhase;
			buildActionMask = 2147483647;
			files = (
				1B66AF431D757CB2005B1D4A /* BrokenLineViewDemoUITests.m in Sources */,
			);
			runOnlyForDeploymentPostprocessing = 0;
		};
/* End PBXSourcesBuildPhase section */

/* Begin PBXTargetDependency section */
		1B66AF351D757CB2005B1D4A /* PBXTargetDependency */ = {
			isa = PBXTargetDependency;
			target = 1B66AF191D757CB1005B1D4A /* BrokenLineViewDemo */;
			targetProxy = 1B66AF341D757CB2005B1D4A /* PBXContainerItemProxy */;
		};
		1B66AF401D757CB2005B1D4A /* PBXTargetDependency */ = {
			isa = PBXTargetDependency;
			target = 1B66AF191D757CB1005B1D4A /* BrokenLineViewDemo */;
			targetProxy = 1B66AF3F1D757CB2005B1D4A /* PBXContainerItemProxy */;
		};
/* End PBXTargetDependency section */

/* Begin PBXVariantGroup section */
		1B66AF261D757CB1005B1D4A /* Main.storyboard */ = {
			isa = PBXVariantGroup;
			children = (
				1B66AF271D757CB1005B1D4A /* Base */,
			);
			name = Main.storyboard;
			sourceTree = "<group>";
		};
		1B66AF2B1D757CB1005B1D4A /* LaunchScreen.storyboard */ = {
			isa = PBXVariantGroup;
			children = (
				1B66AF2C1D757CB1005B1D4A /* Base */,
			);
			name = LaunchScreen.storyboard;
			sourceTree = "<group>";
		};
/* End PBXVariantGroup section */

/* Begin XCBuildConfiguration section */
		1B66AF451D757CB2005B1D4A /* Debug */ = {
			isa = XCBuildConfiguration;
			buildSettings = {
				ALWAYS_SEARCH_USER_PATHS = NO;
				CLANG_CXX_LANGUAGE_STANDARD = "gnu++0x";
				CLANG_CXX_LIBRARY = "libc++";
				CLANG_ENABLE_MODULES = YES;
				CLANG_ENABLE_OBJC_ARC = YES;
				CLANG_WARN_BOOL_CONVERSION = YES;
				CLANG_WARN_CONSTANT_CONVERSION = YES;
				CLANG_WARN_DIRECT_OBJC_ISA_USAGE = YES_ERROR;
				CLANG_WARN_EMPTY_BODY = YES;
				CLANG_WARN_ENUM_CONVERSION = YES;
				CLANG_WARN_INT_CONVERSION = YES;
				CLANG_WARN_OBJC_ROOT_CLASS = YES_ERROR;
				CLANG_WARN_UNREACHABLE_CODE = YES;
				CLANG_WARN__DUPLICATE_METHOD_MATCH = YES;
				"CODE_SIGN_IDENTITY[sdk=iphoneos*]" = "iPhone Developer";
				COPY_PHASE_STRIP = NO;
				DEBUG_INFORMATION_FORMAT = dwarf;
				ENABLE_STRICT_OBJC_MSGSEND = YES;
				ENABLE_TESTABILITY = YES;
				GCC_C_LANGUAGE_STANDARD = gnu99;
				GCC_DYNAMIC_NO_PIC = NO;
				GCC_NO_COMMON_BLOCKS = YES;
				GCC_OPTIMIZATION_LEVEL = 0;
				GCC_PREPROCESSOR_DEFINITIONS = (
					"DEBUG=1",
					"$(inherited)",
				);
				GCC_WARN_64_TO_32_BIT_CONVERSION = YES;
				GCC_WARN_ABOUT_RETURN_TYPE = YES_ERROR;
				GCC_WARN_UNDECLARED_SELECTOR = YES;
				GCC_WARN_UNINITIALIZED_AUTOS = YES_AGGRESSIVE;
				GCC_WARN_UNUSED_FUNCTION = YES;
				GCC_WARN_UNUSED_VARIABLE = YES;
				IPHONEOS_DEPLOYMENT_TARGET = 9.1;
				MTL_ENABLE_DEBUG_INFO = YES;
				ONLY_ACTIVE_ARCH = YES;
				SDKROOT = iphoneos;
				TARGETED_DEVICE_FAMILY = "1,2";
			};
			name = Debug;
		};
		1B66AF461D757CB2005B1D4A /* Release */ = {
			isa = XCBuildConfiguration;
			buildSettings = {
				ALWAYS_SEARCH_USER_PATHS = NO;
				CLANG_CXX_LANGUAGE_STANDARD = "gnu++0x";
				CLANG_CXX_LIBRARY = "libc++";
				CLANG_ENABLE_MODULES = YES;
				CLANG_ENABLE_OBJC_ARC = YES;
				CLANG_WARN_BOOL_CONVERSION = YES;
				CLANG_WARN_CONSTANT_CONVERSION = YES;
				CLANG_WARN_DIRECT_OBJC_ISA_USAGE = YES_ERROR;
				CLANG_WARN_EMPTY_BODY = YES;
				CLANG_WARN_ENUM_CONVERSION = YES;
				CLANG_WARN_INT_CONVERSION = YES;
				CLANG_WARN_OBJC_ROOT_CLASS = YES_ERROR;
				CLANG_WARN_UNREACHABLE_CODE = YES;
				CLANG_WARN__DUPLICATE_METHOD_MATCH = YES;
				"CODE_SIGN_IDENTITY[sdk=iphoneos*]" = "iPhone Developer";
				COPY_PHASE_STRIP = NO;
				DEBUG_INFORMATION_FORMAT = "dwarf-with-dsym";
				ENABLE_NS_ASSERTIONS = NO;
				ENABLE_STRICT_OBJC_MSGSEND = YES;
				GCC_C_LANGUAGE_STANDARD = gnu99;
				GCC_NO_COMMON_BLOCKS = YES;
				GCC_WARN_64_TO_32_BIT_CONVERSION = YES;
				GCC_WARN_ABOUT_RETURN_TYPE = YES_ERROR;
				GCC_WARN_UNDECLARED_SELECTOR = YES;
				GCC_WARN_UNINITIALIZED_AUTOS = YES_AGGRESSIVE;
				GCC_WARN_UNUSED_FUNCTION = YES;
				GCC_WARN_UNUSED_VARIABLE = YES;
				IPHONEOS_DEPLOYMENT_TARGET = 9.1;
				MTL_ENABLE_DEBUG_INFO = NO;
				SDKROOT = iphoneos;
				TARGETED_DEVICE_FAMILY = "1,2";
				VALIDATE_PRODUCT = YES;
			};
			name = Release;
		};
		1B66AF481D757CB2005B1D4A /* Debug */ = {
			isa = XCBuildConfiguration;
			buildSettings = {
				ASSETCATALOG_COMPILER_APPICON_NAME = AppIcon;
				GCC_PRECOMPILE_PREFIX_HEADER = YES;
				GCC_PREFIX_HEADER = BrokenLineViewDemo/BrokenLineHeader.pch;
				INFOPLIST_FILE = BrokenLineViewDemo/Info.plist;
				LD_RUNPATH_SEARCH_PATHS = "$(inherited) @executable_path/Frameworks";
				PRODUCT_BUNDLE_IDENTIFIER = "";
				PRODUCT_NAME = "$(TARGET_NAME)";
			};
			name = Debug;
		};
		1B66AF491D757CB2005B1D4A /* Release */ = {
			isa = XCBuildConfiguration;
			buildSettings = {
				ASSETCATALOG_COMPILER_APPICON_NAME = AppIcon;
				GCC_PRECOMPILE_PREFIX_HEADER = YES;
				GCC_PREFIX_HEADER = BrokenLineViewDemo/BrokenLineHeader.pch;
				INFOPLIST_FILE = BrokenLineViewDemo/Info.plist;
				LD_RUNPATH_SEARCH_PATHS = "$(inherited) @executable_path/Frameworks";
				PRODUCT_BUNDLE_IDENTIFIER = "";
				PRODUCT_NAME = "$(TARGET_NAME)";
			};
			name = Release;
		};
		1B66AF4B1D757CB2005B1D4A /* Debug */ = {
			isa = XCBuildConfiguration;
			buildSettings = {
				BUNDLE_LOADER = "$(TEST_HOST)";
				INFOPLIST_FILE = BrokenLineViewDemoTests/Info.plist;
				LD_RUNPATH_SEARCH_PATHS = "$(inherited) @executable_path/Frameworks @loader_path/Frameworks";
				PRODUCT_BUNDLE_IDENTIFIER = "";
				PRODUCT_NAME = "$(TARGET_NAME)";
				TEST_HOST = "$(BUILT_PRODUCTS_DIR)/BrokenLineViewDemo.app/BrokenLineViewDemo";
			};
			name = Debug;
		};
		1B66AF4C1D757CB2005B1D4A /* Release */ = {
			isa = XCBuildConfiguration;
			buildSettings = {
				BUNDLE_LOADER = "$(TEST_HOST)";
				INFOPLIST_FILE = BrokenLineViewDemoTests/Info.plist;
				LD_RUNPATH_SEARCH_PATHS = "$(inherited) @executable_path/Frameworks @loader_path/Frameworks";
				PRODUCT_BUNDLE_IDENTIFIER = "";
				PRODUCT_NAME = "$(TARGET_NAME)";
				TEST_HOST = "$(BUILT_PRODUCTS_DIR)/BrokenLineViewDemo.app/BrokenLineViewDemo";
			};
			name = Release;
		};
		1B66AF4E1D757CB2005B1D4A /* Debug */ = {
			isa = XCBuildConfiguration;
			buildSettings = {
				CODE_SIGN_IDENTITY = "";
				INFOPLIST_FILE = BrokenLineViewDemoUITests/Info.plist;
				LD_RUNPATH_SEARCH_PATHS = "$(inherited) @executable_path/Frameworks @loader_path/Frameworks";
				PRODUCT_BUNDLE_IDENTIFIER = "";
				PRODUCT_NAME = "$(TARGET_NAME)";
				PROVISIONING_PROFILE = "";
				TEST_TARGET_NAME = BrokenLineViewDemo;
				USES_XCTRUNNER = YES;
			};
			name = Debug;
		};
		1B66AF4F1D757CB2005B1D4A /* Release */ = {
			isa = XCBuildConfiguration;
			buildSettings = {
				CODE_SIGN_IDENTITY = "";
				INFOPLIST_FILE = BrokenLineViewDemoUITests/Info.plist;
				LD_RUNPATH_SEARCH_PATHS = "$(inherited) @executable_path/Frameworks @loader_path/Frameworks";
				PRODUCT_BUNDLE_IDENTIFIER = "";
				PRODUCT_NAME = "$(TARGET_NAME)";
				PROVISIONING_PROFILE = "";
				TEST_TARGET_NAME = BrokenLineViewDemo;
				USES_XCTRUNNER = YES;
			};
			name = Release;
		};
/* End XCBuildConfiguration section */

/* Begin XCConfigurationList section */
		1B66AF151D757CB1005B1D4A /* Build configuration list for PBXProject "BrokenLineViewDemo" */ = {
			isa = XCConfigurationList;
			buildConfigurations = (
				1B66AF451D757CB2005B1D4A /* Debug */,
				1B66AF461D757CB2005B1D4A /* Release */,
			);
			defaultConfigurationIsVisible = 0;
			defaultConfigurationName = Release;
		};
		1B66AF471D757CB2005B1D4A /* Build configuration list for PBXNativeTarget "BrokenLineViewDemo" */ = {
			isa = XCConfigurationList;
			buildConfigurations = (
				1B66AF481D757CB2005B1D4A /* Debug */,
				1B66AF491D757CB2005B1D4A /* Release */,
			);
			defaultConfigurationIsVisible = 0;
			defaultConfigurationName = Release;
		};
		1B66AF4A1D757CB2005B1D4A /* Build configuration list for PBXNativeTarget "BrokenLineViewDemoTests" */ = {
			isa = XCConfigurationList;
			buildConfigurations = (
				1B66AF4B1D757CB2005B1D4A /* Debug */,
				1B66AF4C1D757CB2005B1D4A /* Release */,
			);
			defaultConfigurationIsVisible = 0;
			defaultConfigurationName = Release;
		};
		1B66AF4D1D757CB2005B1D4A /* Build configuration list for PBXNativeTarget "BrokenLineViewDemoUITests" */ = {
			isa = XCConfigurationList;
			buildConfigurations = (
				1B66AF4E1D757CB2005B1D4A /* Debug */,
				1B66AF4F1D757CB2005B1D4A /* Release */,
			);
			defaultConfigurationIsVisible = 0;
			defaultConfigurationName = Release;
		};
/* End XCConfigurationList section */
	};
	rootObject = 1B66AF121D757CB1005B1D4A /* Project object */;
}
